
Microsoft Visual Studio Solution File, Format Version 12.00
# Visual Studio Version 17
VisualStudioVersion = 17.8.34330.188
MinimumVisualStudioVersion = 10.0.40219.1
Project("{FAE04EC0-301F-11D3-BF4B-00C04F79EFBC}") = "TypesClassNameExtractor", "TypesClassNameExtractor.csproj", "{D55FCC34-30E0-4722-A6EE-3282B6417BE9}"
EndProject
Global
	GlobalSection(SolutionConfigurationPlatforms) = preSolution
		Debug|Any CPU = Debug|Any CPU
		Release|Any CPU = Release|Any CPU
	EndGlobalSection
	GlobalSection(ProjectConfigurationPlatforms) = postSolution
		{D55FCC34-30E0-4722-A6EE-3282B6417BE9}.Debug|Any CPU.ActiveCfg = Debug|Any CPU
		{D55FCC34-30E0-4722-A6EE-3282B6417BE9}.Debug|Any CPU.Build.0 = Debug|Any CPU
		{D55FCC34-30E0-4722-A6EE-3282B6417BE9}.Release|Any CPU.ActiveCfg = Release|Any CPU
		{D55FCC34-30E0-4722-A6EE-3282B6417BE9}.Release|Any CPU.Build.0 = Release|Any CPU
	EndGlobalSection
	GlobalSection(SolutionProperties) = preSolution
		HideSolutionNode = FALSE
	EndGlobalSection
	GlobalSection(ExtensibilityGlobals) = postSolution
		SolutionGuid = {E7E9EAB3-E9F3-485A-9B20-C1AC40045199}
	EndGlobalSection
EndGlobal
